<?xml version="1.0" encoding="utf-8"?>
<Project ToolsVersion="4.0" xmlns="http://schemas.microsoft.com/developer/msbuild/2003">
  <ItemGroup>
    <Filter Include="RTH">
      <UniqueIdentifier>{D31A880B-3F24-887C-C89F-9E7C34A8937C}</UniqueIdentifier>
    </Filter>
    <Filter Include="RTH\Event">
      <UniqueIdentifier>{642EB9E0-D098-6D57-19D7-1EFD85804BAC}</UniqueIdentifier>
    </Filter>
  </ItemGroup>
  <ItemGroup>
    <ClInclude Include="Source\RTH.h" />
    <ClInclude Include="Source\RTH\Application.h">
      <Filter>RTH</Filter>
    </ClInclude>
    <ClInclude Include="Source\RTH\Core.h">
      <Filter>RTH</Filter>
    </ClInclude>
    <ClInclude Include="Source\RTH\Entrypoint.h">
      <Filter>RTH</Filter>
    </ClInclude>
    <ClInclude Include="Source\RTH\Event\ApplicationEvent.h">
      <Filter>RTH\Event</Filter>
    </ClInclude>
    <ClInclude Include="Source\RTH\Event\Event.h">
      <Filter>RTH\Event</Filter>
    </ClInclude>
    <ClInclude Include="Source\RTH\Event\KeyEvent.h">
      <Filter>RTH\Event</Filter>
    </ClInclude>
    <ClInclude Include="Source\RTH\Event\MouseEvent.h">
      <Filter>RTH\Event</Filter>
    </ClInclude>
    <ClInclude Include="Source\RTH\Log.h">
      <Filter>RTH</Filter>
    </ClInclude>
    <ClInclude Include="Source\Rthpch.h" />
  </ItemGroup>
  <ItemGroup>
    <ClCompile Include="Source\RTH\Application.cpp">
      <Filter>RTH</Filter>
    </ClCompile>
    <ClCompile Include="Source\RTH\Log.cpp">
      <Filter>RTH</Filter>
    </ClCompile>
    <ClCompile Include="Source\Rthpch.cpp" />
  </ItemGroup>
</Project>